
Microsoft Visual Studio Solution File, Format Version 12.00
# Visual Studio Version 17
VisualStudioVersion = 17.0.31903.59
MinimumVisualStudioVersion = 10.0.40219.1
Project("{2150E333-8FDC-42A3-9474-1A3956D46DE8}") = "apps", "apps", "{1787FE1D-075E-9E68-7218-25F1BD1BBEAB}"
EndProject
Project("{2150E333-8FDC-42A3-9474-1A3956D46DE8}") = "api", "api", "{BC2D172B-13BC-136C-CDB1-4B1A687208C4}"
EndProject
Project("{FAE04EC0-301F-11D3-BF4B-00C04F79EFBC}") = "SupportDesk.Api", "apps\api\SupportDesk.Api.csproj", "{16A87F75-B1E4-4D11-93E1-AFF60F7104FA}"
EndProject
Project("{2150E333-8FDC-42A3-9474-1A3956D46DE8}") = "packages", "packages", "{809F86A1-1C4C-B159-0CD4-DF9D33D876CE}"
EndProject
Project("{2150E333-8FDC-42A3-9474-1A3956D46DE8}") = "application", "application", "{03027801-446E-FBB0-2850-D700B2C58134}"
EndProject
Project("{FAE04EC0-301F-11D3-BF4B-00C04F79EFBC}") = "SupportDesk.Application", "packages\application\SupportDesk.Application.csproj", "{2815A589-9EDE-4D7D-98AD-27CA29348891}"
EndProject
Project("{2150E333-8FDC-42A3-9474-1A3956D46DE8}") = "domain", "domain", "{697C1726-6B78-53A3-0150-2FC5E0C768F3}"
EndProject
Project("{FAE04EC0-301F-11D3-BF4B-00C04F79EFBC}") = "SupportDesk.Domain", "packages\domain\SupportDesk.Domain.csproj", "{85DE719B-0148-43D2-8A29-83A69479AB92}"
EndProject
Project("{2150E333-8FDC-42A3-9474-1A3956D46DE8}") = "infrastructure", "infrastructure", "{0EC30512-D65C-113D-2E96-A565D7CE5313}"
EndProject
Project("{FAE04EC0-301F-11D3-BF4B-00C04F79EFBC}") = "SupportDesk.Infrastructure", "packages\infrastructure\SupportDesk.Infrastructure.csproj", "{585DA937-E3A7-4EA5-8715-6CC70C8D59F6}"
EndProject
Project("{2150E333-8FDC-42A3-9474-1A3956D46DE8}") = "tests", "tests", "{0AB3BF05-4346-4AA6-1389-037BE0695223}"
EndProject
Project("{2150E333-8FDC-42A3-9474-1A3956D46DE8}") = "backend-unit-tests", "backend-unit-tests", "{B24F4282-6527-9D60-13CE-57BC81863FD5}"
EndProject
Project("{FAE04EC0-301F-11D3-BF4B-00C04F79EFBC}") = "SupportDesk.UnitTests", "tests\backend-unit-tests\SupportDesk.UnitTests.csproj", "{5660F757-0120-4EB2-902D-60744D53A8D1}"
EndProject
Global
	GlobalSection(SolutionConfigurationPlatforms) = preSolution
		Debug|Any CPU = Debug|Any CPU
		Debug|x64 = Debug|x64
		Debug|x86 = Debug|x86
		Release|Any CPU = Release|Any CPU
		Release|x64 = Release|x64
		Release|x86 = Release|x86
	EndGlobalSection
	GlobalSection(ProjectConfigurationPlatforms) = postSolution
		{16A87F75-B1E4-4D11-93E1-AFF60F7104FA}.Debug|Any CPU.ActiveCfg = Debug|Any CPU
		{16A87F75-B1E4-4D11-93E1-AFF60F7104FA}.Debug|Any CPU.Build.0 = Debug|Any CPU
		{16A87F75-B1E4-4D11-93E1-AFF60F7104FA}.Debug|x64.ActiveCfg = Debug|Any CPU
		{16A87F75-B1E4-4D11-93E1-AFF60F7104FA}.Debug|x64.Build.0 = Debug|Any CPU
		{16A87F75-B1E4-4D11-93E1-AFF60F7104FA}.Debug|x86.ActiveCfg = Debug|Any CPU
		{16A87F75-B1E4-4D11-93E1-AFF60F7104FA}.Debug|x86.Build.0 = Debug|Any CPU
		{16A87F75-B1E4-4D11-93E1-AFF60F7104FA}.Release|Any CPU.ActiveCfg = Release|Any CPU
		{16A87F75-B1E4-4D11-93E1-AFF60F7104FA}.Release|Any CPU.Build.0 = Release|Any CPU
		{16A87F75-B1E4-4D11-93E1-AFF60F7104FA}.Release|x64.ActiveCfg = Release|Any CPU
		{16A87F75-B1E4-4D11-93E1-AFF60F7104FA}.Release|x64.Build.0 = Release|Any CPU
		{16A87F75-B1E4-4D11-93E1-AFF60F7104FA}.Release|x86.ActiveCfg = Release|Any CPU
		{16A87F75-B1E4-4D11-93E1-AFF60F7104FA}.Release|x86.Build.0 = Release|Any CPU
		{2815A589-9EDE-4D7D-98AD-27CA29348891}.Debug|Any CPU.ActiveCfg = Debug|Any CPU
		{2815A589-9EDE-4D7D-98AD-27CA29348891}.Debug|Any CPU.Build.0 = Debug|Any CPU
		{2815A589-9EDE-4D7D-98AD-27CA29348891}.Debug|x64.ActiveCfg = Debug|Any CPU
		{2815A589-9EDE-4D7D-98AD-27CA29348891}.Debug|x64.Build.0 = Debug|Any CPU
		{2815A589-9EDE-4D7D-98AD-27CA29348891}.Debug|x86.ActiveCfg = Debug|Any CPU
		{2815A589-9EDE-4D7D-98AD-27CA29348891}.Debug|x86.Build.0 = Debug|Any CPU
		{2815A589-9EDE-4D7D-98AD-27CA29348891}.Release|Any CPU.ActiveCfg = Release|Any CPU
		{2815A589-9EDE-4D7D-98AD-27CA29348891}.Release|Any CPU.Build.0 = Release|Any CPU
		{2815A589-9EDE-4D7D-98AD-27CA29348891}.Release|x64.ActiveCfg = Release|Any CPU
		{2815A589-9EDE-4D7D-98AD-27CA29348891}.Release|x64.Build.0 = Release|Any CPU
		{2815A589-9EDE-4D7D-98AD-27CA29348891}.Release|x86.ActiveCfg = Release|Any CPU
		{2815A589-9EDE-4D7D-98AD-27CA29348891}.Release|x86.Build.0 = Release|Any CPU
		{85DE719B-0148-43D2-8A29-83A69479AB92}.Debug|Any CPU.ActiveCfg = Debug|Any CPU
		{85DE719B-0148-43D2-8A29-83A69479AB92}.Debug|Any CPU.Build.0 = Debug|Any CPU
		{85DE719B-0148-43D2-8A29-83A69479AB92}.Debug|x64.ActiveCfg = Debug|Any CPU
		{85DE719B-0148-43D2-8A29-83A69479AB92}.Debug|x64.Build.0 = Debug|Any CPU
		{85DE719B-0148-43D2-8A29-83A69479AB92}.Debug|x86.ActiveCfg = Debug|Any CPU
		{85DE719B-0148-43D2-8A29-83A69479AB92}.Debug|x86.Build.0 = Debug|Any CPU
		{85DE719B-0148-43D2-8A29-83A69479AB92}.Release|Any CPU.ActiveCfg = Release|Any CPU
		{85DE719B-0148-43D2-8A29-83A69479AB92}.Release|Any CPU.Build.0 = Release|Any CPU
		{85DE719B-0148-43D2-8A29-83A69479AB92}.Release|x64.ActiveCfg = Release|Any CPU
		{85DE719B-0148-43D2-8A29-83A69479AB92}.Release|x64.Build.0 = Release|Any CPU
		{85DE719B-0148-43D2-8A29-83A69479AB92}.Release|x86.ActiveCfg = Release|Any CPU
		{85DE719B-0148-43D2-8A29-83A69479AB92}.Release|x86.Build.0 = Release|Any CPU
		{585DA937-E3A7-4EA5-8715-6CC70C8D59F6}.Debug|Any CPU.ActiveCfg = Debug|Any CPU
		{585DA937-E3A7-4EA5-8715-6CC70C8D59F6}.Debug|Any CPU.Build.0 = Debug|Any CPU
		{585DA937-E3A7-4EA5-8715-6CC70C8D59F6}.Debug|x64.ActiveCfg = Debug|Any CPU
		{585DA937-E3A7-4EA5-8715-6CC70C8D59F6}.Debug|x64.Build.0 = Debug|Any CPU
		{585DA937-E3A7-4EA5-8715-6CC70C8D59F6}.Debug|x86.ActiveCfg = Debug|Any CPU
		{585DA937-E3A7-4EA5-8715-6CC70C8D59F6}.Debug|x86.Build.0 = Debug|Any CPU
		{585DA937-E3A7-4EA5-8715-6CC70C8D59F6}.Release|Any CPU.ActiveCfg = Release|Any CPU
		{585DA937-E3A7-4EA5-8715-6CC70C8D59F6}.Release|Any CPU.Build.0 = Release|Any CPU
		{585DA937-E3A7-4EA5-8715-6CC70C8D59F6}.Release|x64.ActiveCfg = Release|Any CPU
		{585DA937-E3A7-4EA5-8715-6CC70C8D59F6}.Release|x64.Build.0 = Release|Any CPU
		{585DA937-E3A7-4EA5-8715-6CC70C8D59F6}.Release|x86.ActiveCfg = Release|Any CPU
		{585DA937-E3A7-4EA5-8715-6CC70C8D59F6}.Release|x86.Build.0 = Release|Any CPU
		{5660F757-0120-4EB2-902D-60744D53A8D1}.Debug|Any CPU.ActiveCfg = Debug|Any CPU
		{5660F757-0120-4EB2-902D-60744D53A8D1}.Debug|Any CPU.Build.0 = Debug|Any CPU
		{5660F757-0120-4EB2-902D-60744D53A8D1}.Debug|x64.ActiveCfg = Debug|Any CPU
		{5660F757-0120-4EB2-902D-60744D53A8D1}.Debug|x64.Build.0 = Debug|Any CPU
		{5660F757-0120-4EB2-902D-60744D53A8D1}.Debug|x86.ActiveCfg = Debug|Any CPU
		{5660F757-0120-4EB2-902D-60744D53A8D1}.Debug|x86.Build.0 = Debug|Any CPU
		{5660F757-0120-4EB2-902D-60744D53A8D1}.Release|Any CPU.ActiveCfg = Release|Any CPU
		{5660F757-0120-4EB2-902D-60744D53A8D1}.Release|Any CPU.Build.0 = Release|Any CPU
		{5660F757-0120-4EB2-902D-60744D53A8D1}.Release|x64.ActiveCfg = Release|Any CPU
		{5660F757-0120-4EB2-902D-60744D53A8D1}.Release|x64.Build.0 = Release|Any CPU
		{5660F757-0120-4EB2-902D-60744D53A8D1}.Release|x86.ActiveCfg = Release|Any CPU
		{5660F757-0120-4EB2-902D-60744D53A8D1}.Release|x86.Build.0 = Release|Any CPU
	EndGlobalSection
	GlobalSection(SolutionProperties) = preSolution
		HideSolutionNode = FALSE
	EndGlobalSection
	GlobalSection(NestedProjects) = preSolution
		{BC2D172B-13BC-136C-CDB1-4B1A687208C4} = {1787FE1D-075E-9E68-7218-25F1BD1BBEAB}
		{16A87F75-B1E4-4D11-93E1-AFF60F7104FA} = {BC2D172B-13BC-136C-CDB1-4B1A687208C4}
		{03027801-446E-FBB0-2850-D700B2C58134} = {809F86A1-1C4C-B159-0CD4-DF9D33D876CE}
		{2815A589-9EDE-4D7D-98AD-27CA29348891} = {03027801-446E-FBB0-2850-D700B2C58134}
		{697C1726-6B78-53A3-0150-2FC5E0C768F3} = {809F86A1-1C4C-B159-0CD4-DF9D33D876CE}
		{85DE719B-0148-43D2-8A29-83A69479AB92} = {697C1726-6B78-53A3-0150-2FC5E0C768F3}
		{0EC30512-D65C-113D-2E96-A565D7CE5313} = {809F86A1-1C4C-B159-0CD4-DF9D33D876CE}
		{585DA937-E3A7-4EA5-8715-6CC70C8D59F6} = {0EC30512-D65C-113D-2E96-A565D7CE5313}
		{B24F4282-6527-9D60-13CE-57BC81863FD5} = {0AB3BF05-4346-4AA6-1389-037BE0695223}
		{5660F757-0120-4EB2-902D-60744D53A8D1} = {B24F4282-6527-9D60-13CE-57BC81863FD5}
	EndGlobalSection
EndGlobal
